
Microsoft Visual Studio Solution File, Format Version 12.00
# Visual Studio 15
VisualStudioVersion = 15.0.28307.2092
MinimumVisualStudioVersion = 10.0.40219.1
Project("{E24C65DC-7377-472B-9ABA-BC803B73C61A}") = "源代码", "源代码\", "{6AF9AD1C-97D4-47A5-B255-4501E785F865}"
	ProjectSection(WebsiteProperties) = preProject
		TargetFrameworkMoniker = ".NETFramework,Version%3Dv2.0"
		Debug.AspNetCompiler.VirtualPath = "/localhost_53549"
		Debug.AspNetCompiler.PhysicalPath = "D:\杨静薇2\毕设\Q期刊稿件在线处理系统的设计与实现\源代码\"
		Debug.AspNetCompiler.TargetPath = "PrecompiledWeb\localhost_53549\"
		Debug.AspNetCompiler.Updateable = "true"
		Debug.AspNetCompiler.ForceOverwrite = "true"
		Debug.AspNetCompiler.FixedNames = "false"
		Debug.AspNetCompiler.Debug = "True"
		Release.AspNetCompiler.VirtualPath = "/localhost_53549"
		Release.AspNetCompiler.PhysicalPath = "D:\杨静薇2\毕设\Q期刊稿件在线处理系统的设计与实现\源代码\"
		Release.AspNetCompiler.TargetPath = "PrecompiledWeb\localhost_53549\"
		Release.AspNetCompiler.Updateable = "true"
		Release.AspNetCompiler.ForceOverwrite = "true"
		Release.AspNetCompiler.FixedNames = "false"
		Release.AspNetCompiler.Debug = "False"
		VWDPort = "53549"
	EndProjectSection
EndProject
Global
	GlobalSection(SolutionConfigurationPlatforms) = preSolution
		Debug|Any CPU = Debug|Any CPU
	EndGlobalSection
	GlobalSection(ProjectConfigurationPlatforms) = postSolution
		{6AF9AD1C-97D4-47A5-B255-4501E785F865}.Debug|Any CPU.ActiveCfg = Debug|Any CPU
		{6AF9AD1C-97D4-47A5-B255-4501E785F865}.Debug|Any CPU.Build.0 = Debug|Any CPU
	EndGlobalSection
	GlobalSection(SolutionProperties) = preSolution
		HideSolutionNode = FALSE
	EndGlobalSection
	GlobalSection(ExtensibilityGlobals) = postSolution
		SolutionGuid = {27455EBB-3F2D-44E0-83CE-9E9C4376415E}
	EndGlobalSection
EndGlobal
